// !$*UTF8*$!
{
	archiveVersion = 1;
	classes = {
	};
	objectVersion = 77;
	objects = {

/* Begin PBXContainerItemProxy section */
		6A92AC4E2F4F614400C3B499 /* PBXContainerItemProxy */ = {
			isa = PBXContainerItemProxy;
			containerPortal = 6A92AC382F4F614300C3B499 /* Project object */;
			proxyType = 1;
			remoteGlobalIDString = 6A92AC3F2F4F614300C3B499;
			remoteInfo = "TodoList-FullStack iOS";
		};
		6A92AC582F4F614400C3B499 /* PBXContainerItemProxy */ = {
			isa = PBXContainerItemProxy;
			containerPortal = 6A92AC382F4F614300C3B499 /* Project object */;
			proxyType = 1;
			remoteGlobalIDString = 6A92AC3F2F4F614300C3B499;
			remoteInfo = "TodoList-FullStack iOS";
		};
/* End PBXContainerItemProxy section */

/* Begin PBXFileReference section */
		6A92AC402F4F614300C3B499 /* TodoList-FullStack iOS.app */ = {isa = PBXFileReference; explicitFileType = wrapper.application; includeInIndex = 0; path = "TodoList-FullStack iOS.app"; sourceTree = BUILT_PRODUCTS_DIR; };
		6A92AC4D2F4F614400C3B499 /* TodoList-FullStack iOSTests.xctest */ = {isa = PBXFileReference; explicitFileType = wrapper.cfbundle; includeInIndex = 0; path = "TodoList-FullStack iOSTests.xctest"; sourceTree = BUILT_PRODUCTS_DIR; };
		6A92AC572F4F614400C3B499 /* TodoList-FullStack iOSUITests.xctest */ = {isa = PBXFileReference; explicitFileType = wrapper.cfbundle; includeInIndex = 0; path = "TodoList-FullStack iOSUITests.xctest"; sourceTree = BUILT_PRODUCTS_DIR; };
/* End PBXFileReference section */

/* Begin PBXFileSystemSynchronizedRootGroup section */
		6A92AC422F4F614300C3B499 /* TodoList-FullStack iOS */ = {
			isa = PBXFileSystemSynchronizedRootGroup;
			path = "TodoList-FullStack iOS";
			sourceTree = "<group>";
		};
		6A92AC502F4F614400C3B499 /* TodoList-FullStack iOSTests */ = {
			isa = PBXFileSystemSynchronizedRootGroup;
			path = "TodoList-FullStack iOSTests";
			sourceTree = "<group>";
		};
		6A92AC5A2F4F614400C3B499 /* TodoList-FullStack iOSUITests */ = {
			isa = PBXFileSystemSynchronizedRootGroup;
			path = "TodoList-FullStack iOSUITests";
			sourceTree = "<group>";
		};
/* End PBXFileSystemSynchronizedRootGroup section */

/* Begin PBXFrameworksBuildPhase section */
		6A92AC3D2F4F614300C3B499 /* Frameworks */ = {
			isa = PBXFrameworksBuildPhase;
			buildActionMask = 2147483647;
			files = (
			);
			runOnlyForDeploymentPostprocessing = 0;
		};
		6A92AC4A2F4F614400C3B499 /* Frameworks */ = {
			isa = PBXFrameworksBuildPhase;
			buildActionMask = 2147483647;
			files = (
			);
			runOnlyForDeploymentPostprocessing = 0;
		};
		6A92AC542F4F614400C3B499 /* Frameworks */ = {
			isa = PBXFrameworksBuildPhase;
			buildActionMask = 2147483647;
			files = (
			);
			runOnlyForDeploymentPostprocessing = 0;
		};
/* End PBXFrameworksBuildPhase section */

/* Begin PBXGroup section */
		6A92AC372F4F614300C3B499 = {
			isa = PBXGroup;
			children = (
				6A92AC422F4F614300C3B499 /* TodoList-FullStack iOS */,
				6A92AC502F4F614400C3B499 /* TodoList-FullStack iOSTests */,
				6A92AC5A2F4F614400C3B499 /* TodoList-FullStack iOSUITests */,
				6A92AC412F4F614300C3B499 /* Products */,
			);
			sourceTree = "<group>";
		};
		6A92AC412F4F614300C3B499 /* Products */ = {
			isa = PBXGroup;
			children = (
				6A92AC402F4F614300C3B499 /* TodoList-FullStack iOS.app */,
				6A92AC4D2F4F614400C3B499 /* TodoList-FullStack iOSTests.xctest */,
				6A92AC572F4F614400C3B499 /* TodoList-FullStack iOSUITests.xctest */,
			);
			name = Products;
			sourceTree = "<group>";
		};
/* End PBXGroup section */

/* Begin PBXNativeTarget section */
		6A92AC3F2F4F614300C3B499 /* TodoList-FullStack iOS */ = {
			isa = PBXNativeTarget;
			buildConfigurationList = 6A92AC612F4F614400C3B499 /* Build configuration list for PBXNativeTarget "TodoList-FullStack iOS" */;
			buildPhases = (
				6A92AC3C2F4F614300C3B499 /* Sources */,
				6A92AC3D2F4F614300C3B499 /* Frameworks */,
				6A92AC3E2F4F614300C3B499 /* Resources */,
			);
			buildRules = (
			);
			dependencies = (
			);
			fileSystemSynchronizedGroups = (
				6A92AC422F4F614300C3B499 /* TodoList-FullStack iOS */,
			);
			name = "TodoList-FullStack iOS";
			packageProductDependencies = (
			);
			productName = "TodoList-FullStack iOS";
			productReference = 6A92AC402F4F614300C3B499 /* TodoList-FullStack iOS.app */;
			productType = "com.apple.product-type.application";
		};
		6A92AC4C2F4F614400C3B499 /* TodoList-FullStack iOSTests */ = {
			isa = PBXNativeTarget;
			buildConfigurationList = 6A92AC642F4F614400C3B499 /* Build configuration list for PBXNativeTarget "TodoList-FullStack iOSTests" */;
			buildPhases = (
				6A92AC492F4F614400C3B499 /* Sources */,
				6A92AC4A2F4F614400C3B499 /* Frameworks */,
				6A92AC4B2F4F614400C3B499 /* Resources */,
			);
			buildRules = (
			);
			dependencies = (
				6A92AC4F2F4F614400C3B499 /* PBXTargetDependency */,
			);
			fileSystemSynchronizedGroups = (
				6A92AC502F4F614400C3B499 /* TodoList-FullStack iOSTests */,
			);
			name = "TodoList-FullStack iOSTests";
			packageProductDependencies = (
			);
			productName = "TodoList-FullStack iOSTests";
			productReference = 6A92AC4D2F4F614400C3B499 /* TodoList-FullStack iOSTests.xctest */;
			productType = "com.apple.product-type.bundle.unit-test";
		};
		6A92AC562F4F614400C3B499 /* TodoList-FullStack iOSUITests */ = {
			isa = PBXNativeTarget;
			buildConfigurationList = 6A92AC672F4F614400C3B499 /* Build configuration list for PBXNativeTarget "TodoList-FullStack iOSUITests" */;
			buildPhases = (
				6A92AC532F4F614400C3B499 /* Sources */,
				6A92AC542F4F614400C3B499 /* Frameworks */,
				6A92AC552F4F614400C3B499 /* Resources */,
			);
			buildRules = (
			);
			dependencies = (
				6A92AC592F4F614400C3B499 /* PBXTargetDependency */,
			);
			fileSystemSynchronizedGroups = (
				6A92AC5A2F4F614400C3B499 /* TodoList-FullStack iOSUITests */,
			);
			name = "TodoList-FullStack iOSUITests";
			packageProductDependencies = (
			);
			productName = "TodoList-FullStack iOSUITests";
			productReference = 6A92AC572F4F614400C3B499 /* TodoList-FullStack iOSUITests.xctest */;
			productType = "com.apple.product-type.bundle.ui-testing";
		};
/* End PBXNativeTarget section */

/* Begin PBXProject section */
		6A92AC382F4F614300C3B499 /* Project object */ = {
			isa = PBXProject;
			attributes = {
				BuildIndependentTargetsInParallel = 1;
				LastSwiftUpdateCheck = 1640;
				LastUpgradeCheck = 1640;
				TargetAttributes = {
					6A92AC3F2F4F614300C3B499 = {
						CreatedOnToolsVersion = 16.4;
					};
					6A92AC4C2F4F614400C3B499 = {
						CreatedOnToolsVersion = 16.4;
						TestTargetID = 6A92AC3F2F4F614300C3B499;
					};
					6A92AC562F4F614400C3B499 = {
						CreatedOnToolsVersion = 16.4;
						TestTargetID = 6A92AC3F2F4F614300C3B499;
					};
				};
			};
			buildConfigurationList = 6A92AC3B2F4F614300C3B499 /* Build configuration list for PBXProject "TodoList-FullStack iOS" */;
			developmentRegion = en;
			hasScannedForEncodings = 0;
			knownRegions = (
				en,
				Base,
			);
			mainGroup = 6A92AC372F4F614300C3B499;
			minimizedProjectReferenceProxies = 1;
			preferredProjectObjectVersion = 77;
			productRefGroup = 6A92AC412F4F614300C3B499 /* Products */;
			projectDirPath = "";
			projectRoot = "";
			targets = (
				6A92AC3F2F4F614300C3B499 /* TodoList-FullStack iOS */,
				6A92AC4C2F4F614400C3B499 /* TodoList-FullStack iOSTests */,
				6A92AC562F4F614400C3B499 /* TodoList-FullStack iOSUITests */,
			);
		};
/* End PBXProject section */

/* Begin PBXResourcesBuildPhase section */
		6A92AC3E2F4F614300C3B499 /* Resources */ = {
			isa = PBXResourcesBuildPhase;
			buildActionMask = 2147483647;
			files = (
			);
			runOnlyForDeploymentPostprocessing = 0;
		};
		6A92AC4B2F4F614400C3B499 /* Resources */ = {
			isa = PBXResourcesBuildPhase;
			buildActionMask = 2147483647;
			files = (
			);
			runOnlyForDeploymentPostprocessing = 0;
		};
		6A92AC552F4F614400C3B499 /* Resources */ = {
			isa = PBXResourcesBuildPhase;
			buildActionMask = 2147483647;
			files = (
			);
			runOnlyForDeploymentPostprocessing = 0;
		};
/* End PBXResourcesBuildPhase section */

/* Begin PBXSourcesBuildPhase section */
		6A92AC3C2F4F614300C3B499 /* Sources */ = {
			isa = PBXSourcesBuildPhase;
			buildActionMask = 2147483647;
			files = (
			);
			runOnlyForDeploymentPostprocessing = 0;
		};
		6A92AC492F4F614400C3B499 /* Sources */ = {
			isa = PBXSourcesBuildPhase;
			buildActionMask = 2147483647;
			files = (
			);
			runOnlyForDeploymentPostprocessing = 0;
		};
		6A92AC532F4F614400C3B499 /* Sources */ = {
			isa = PBXSourcesBuildPhase;
			buildActionMask = 2147483647;
			files = (
			);
			runOnlyForDeploymentPostprocessing = 0;
		};
/* End PBXSourcesBuildPhase section */

/* Begin PBXTargetDependency section */
		6A92AC4F2F4F614400C3B499 /* PBXTargetDependency */ = {
			isa = PBXTargetDependency;
			target = 6A92AC3F2F4F614300C3B499 /* TodoList-FullStack iOS */;
			targetProxy = 6A92AC4E2F4F614400C3B499 /* PBXContainerItemProxy */;
		};
		6A92AC592F4F614400C3B499 /* PBXTargetDependency */ = {
			isa = PBXTargetDependency;
			target = 6A92AC3F2F4F614300C3B499 /* TodoList-FullStack iOS */;
			targetProxy = 6A92AC582F4F614400C3B499 /* PBXContainerItemProxy */;
		};
/* End PBXTargetDependency section */

/* Begin XCBuildConfiguration section */
		6A92AC5F2F4F614400C3B499 /* Debug */ = {
			isa = XCBuildConfiguration;
			buildSettings = {
				ALWAYS_SEARCH_USER_PATHS = NO;
				ASSETCATALOG_COMPILER_GENERATE_SWIFT_ASSET_SYMBOL_EXTENSIONS = YES;
				CLANG_ANALYZER_NONNULL = YES;
				CLANG_ANALYZER_NUMBER_OBJECT_CONVERSION = YES_AGGRESSIVE;
				CLANG_CXX_LANGUAGE_STANDARD = "gnu++20";
				CLANG_ENABLE_MODULES = YES;
				CLANG_ENABLE_OBJC_ARC = YES;
				CLANG_ENABLE_OBJC_WEAK = YES;
				CLANG_WARN_BLOCK_CAPTURE_AUTORELEASING = YES;
				CLANG_WARN_BOOL_CONVERSION = YES;
				CLANG_WARN_COMMA = YES;
				CLANG_WARN_CONSTANT_CONVERSION = YES;
				CLANG_WARN_DEPRECATED_OBJC_IMPLEMENTATIONS = YES;
				CLANG_WARN_DIRECT_OBJC_ISA_USAGE = YES_ERROR;
				CLANG_WARN_DOCUMENTATION_COMMENTS = YES;
				CLANG_WARN_EMPTY_BODY = YES;
				CLANG_WARN_ENUM_CONVERSION = YES;
				CLANG_WARN_INFINITE_RECURSION = YES;
				CLANG_WARN_INT_CONVERSION = YES;
				CLANG_WARN_NON_LITERAL_NULL_CONVERSION = YES;
				CLANG_WARN_OBJC_IMPLICIT_RETAIN_SELF = YES;
				CLANG_WARN_OBJC_LITERAL_CONVERSION = YES;
				CLANG_WARN_OBJC_ROOT_CLASS = YES_ERROR;
				CLANG_WARN_QUOTED_INCLUDE_IN_FRAMEWORK_HEADER = YES;
				CLANG_WARN_RANGE_LOOP_ANALYSIS = YES;
				CLANG_WARN_STRICT_PROTOTYPES = YES;
				CLANG_WARN_SUSPICIOUS_MOVE = YES;
				CLANG_WARN_UNGUARDED_AVAILABILITY = YES_AGGRESSIVE;
				CLANG_WARN_UNREACHABLE_CODE = YES;
				CLANG_WARN__DUPLICATE_METHOD_MATCH = YES;
				COPY_PHASE_STRIP = NO;
				DEBUG_INFORMATION_FORMAT = dwarf;
				ENABLE_STRICT_OBJC_MSGSEND = YES;
				ENABLE_TESTABILITY = YES;
				ENABLE_USER_SCRIPT_SANDBOXING = YES;
				GCC_C_LANGUAGE_STANDARD = gnu17;
				GCC_DYNAMIC_NO_PIC = NO;
				GCC_NO_COMMON_BLOCKS = YES;
				GCC_OPTIMIZATION_LEVEL = 0;
				GCC_PREPROCESSOR_DEFINITIONS = (
					"DEBUG=1",
					"$(inherited)",
				);
				GCC_WARN_64_TO_32_BIT_CONVERSION = YES;
				GCC_WARN_ABOUT_RETURN_TYPE = YES_ERROR;
				GCC_WARN_UNDECLARED_SELECTOR = YES;
				GCC_WARN_UNINITIALIZED_AUTOS = YES_AGGRESSIVE;
				GCC_WARN_UNUSED_FUNCTION = YES;
				GCC_WARN_UNUSED_VARIABLE = YES;
				IPHONEOS_DEPLOYMENT_TARGET = 18.5;
				LOCALIZATION_PREFERS_STRING_CATALOGS = YES;
				MTL_ENABLE_DEBUG_INFO = INCLUDE_SOURCE;
				MTL_FAST_MATH = YES;
				ONLY_ACTIVE_ARCH = YES;
				SDKROOT = iphoneos;
				SWIFT_ACTIVE_COMPILATION_CONDITIONS = "DEBUG $(inherited)";
				SWIFT_OPTIMIZATION_LEVEL = "-Onone";
			};
			name = Debug;
		};
		6A92AC602F4F614400C3B499 /* Release */ = {
			isa = XCBuildConfiguration;
			buildSettings = {
				ALWAYS_SEARCH_USER_PATHS = NO;
				ASSETCATALOG_COMPILER_GENERATE_SWIFT_ASSET_SYMBOL_EXTENSIONS = YES;
				CLANG_ANALYZER_NONNULL = YES;
				CLANG_ANALYZER_NUMBER_OBJECT_CONVERSION = YES_AGGRESSIVE;
				CLANG_CXX_LANGUAGE_STANDARD = "gnu++20";
				CLANG_ENABLE_MODULES = YES;
				CLANG_ENABLE_OBJC_ARC = YES;
				CLANG_ENABLE_OBJC_WEAK = YES;
				CLANG_WARN_BLOCK_CAPTURE_AUTORELEASING = YES;
				CLANG_WARN_BOOL_CONVERSION = YES;
				CLANG_WARN_COMMA = YES;
				CLANG_WARN_CONSTANT_CONVERSION = YES;
				CLANG_WARN_DEPRECATED_OBJC_IMPLEMENTATIONS = YES;
				CLANG_WARN_DIRECT_OBJC_ISA_USAGE = YES_ERROR;
				CLANG_WARN_DOCUMENTATION_COMMENTS = YES;
				CLANG_WARN_EMPTY_BODY = YES;
				CLANG_WARN_ENUM_CONVERSION = YES;
				CLANG_WARN_INFINITE_RECURSION = YES;
				CLANG_WARN_INT_CONVERSION = YES;
				CLANG_WARN_NON_LITERAL_NULL_CONVERSION = YES;
				CLANG_WARN_OBJC_IMPLICIT_RETAIN_SELF = YES;
				CLANG_WARN_OBJC_LITERAL_CONVERSION = YES;
				CLANG_WARN_OBJC_ROOT_CLASS = YES_ERROR;
				CLANG_WARN_QUOTED_INCLUDE_IN_FRAMEWORK_HEADER = YES;
				CLANG_WARN_RANGE_LOOP_ANALYSIS = YES;
				CLANG_WARN_STRICT_PROTOTYPES = YES;
				CLANG_WARN_SUSPICIOUS_MOVE = YES;
				CLANG_WARN_UNGUARDED_AVAILABILITY = YES_AGGRESSIVE;
				CLANG_WARN_UNREACHABLE_CODE = YES;
				CLANG_WARN__DUPLICATE_METHOD_MATCH = YES;
				COPY_PHASE_STRIP = NO;
				DEBUG_INFORMATION_FORMAT = "dwarf-with-dsym";
				ENABLE_NS_ASSERTIONS = NO;
				ENABLE_STRICT_OBJC_MSGSEND = YES;
				ENABLE_USER_SCRIPT_SANDBOXING = YES;
				GCC_C_LANGUAGE_STANDARD = gnu17;
				GCC_NO_COMMON_BLOCKS = YES;
				GCC_WARN_64_TO_32_BIT_CONVERSION = YES;
				GCC_WARN_ABOUT_RETURN_TYPE = YES_ERROR;
				GCC_WARN_UNDECLARED_SELECTOR = YES;
				GCC_WARN_UNINITIALIZED_AUTOS = YES_AGGRESSIVE;
				GCC_WARN_UNUSED_FUNCTION = YES;
				GCC_WARN_UNUSED_VARIABLE = YES;
				IPHONEOS_DEPLOYMENT_TARGET = 18.5;
				LOCALIZATION_PREFERS_STRING_CATALOGS = YES;
				MTL_ENABLE_DEBUG_INFO = NO;
				MTL_FAST_MATH = YES;
				SDKROOT = iphoneos;
				SWIFT_COMPILATION_MODE = wholemodule;
				VALIDATE_PRODUCT = YES;
			};
			name = Release;
		};
		6A92AC622F4F614400C3B499 /* Debug */ = {
			isa = XCBuildConfiguration;
			buildSettings = {
				ASSETCATALOG_COMPILER_APPICON_NAME = AppIcon;
				ASSETCATALOG_COMPILER_GLOBAL_ACCENT_COLOR_NAME = AccentColor;
				CODE_SIGN_STYLE = Automatic;
				CURRENT_PROJECT_VERSION = 1;
				ENABLE_PREVIEWS = YES;
				GENERATE_INFOPLIST_FILE = YES;
				INFOPLIST_KEY_UIApplicationSceneManifest_Generation = YES;
				INFOPLIST_KEY_UIApplicationSupportsIndirectInputEvents = YES;
				INFOPLIST_KEY_UILaunchScreen_Generation = YES;
				INFOPLIST_KEY_UISupportedInterfaceOrientations_iPad = "UIInterfaceOrientationPortrait UIInterfaceOrientationPortraitUpsideDown UIInterfaceOrientationLandscapeLeft UIInterfaceOrientationLandscapeRight";
				INFOPLIST_KEY_UISupportedInterfaceOrientations_iPhone = "UIInterfaceOrientationPortrait UIInterfaceOrientationLandscapeLeft UIInterfaceOrientationLandscapeRight";
				LD_RUNPATH_SEARCH_PATHS = (
					"$(inherited)",
					"@executable_path/Frameworks",
				);
				MARKETING_VERSION = 1.0;
				PRODUCT_BUNDLE_IDENTIFIER = "io.Harlan.TodoList-FullStack-iOS";
				PRODUCT_NAME = "$(TARGET_NAME)";
				SWIFT_EMIT_LOC_STRINGS = YES;
				SWIFT_VERSION = 5.0;
				TARGETED_DEVICE_FAMILY = "1,2";
			};
			name = Debug;
		};
		6A92AC632F4F614400C3B499 /* Release */ = {
			isa = XCBuildConfiguration;
			buildSettings = {
				ASSETCATALOG_COMPILER_APPICON_NAME = AppIcon;
				ASSETCATALOG_COMPILER_GLOBAL_ACCENT_COLOR_NAME = AccentColor;
				CODE_SIGN_STYLE = Automatic;
				CURRENT_PROJECT_VERSION = 1;
				ENABLE_PREVIEWS = YES;
				GENERATE_INFOPLIST_FILE = YES;
				INFOPLIST_KEY_UIApplicationSceneManifest_Generation = YES;
				INFOPLIST_KEY_UIApplicationSupportsIndirectInputEvents = YES;
				INFOPLIST_KEY_UILaunchScreen_Generation = YES;
				INFOPLIST_KEY_UISupportedInterfaceOrientations_iPad = "UIInterfaceOrientationPortrait UIInterfaceOrientationPortraitUpsideDown UIInterfaceOrientationLandscapeLeft UIInterfaceOrientationLandscapeRight";
				INFOPLIST_KEY_UISupportedInterfaceOrientations_iPhone = "UIInterfaceOrientationPortrait UIInterfaceOrientationLandscapeLeft UIInterfaceOrientationLandscapeRight";
				LD_RUNPATH_SEARCH_PATHS = (
					"$(inherited)",
					"@executable_path/Frameworks",
				);
				MARKETING_VERSION = 1.0;
				PRODUCT_BUNDLE_IDENTIFIER = "io.Harlan.TodoList-FullStack-iOS";
				PRODUCT_NAME = "$(TARGET_NAME)";
				SWIFT_EMIT_LOC_STRINGS = YES;
				SWIFT_VERSION = 5.0;
				TARGETED_DEVICE_FAMILY = "1,2";
			};
			name = Release;
		};
		6A92AC652F4F614400C3B499 /* Debug */ = {
			isa = XCBuildConfiguration;
			buildSettings = {
				BUNDLE_LOADER = "$(TEST_HOST)";
				CODE_SIGN_STYLE = Automatic;
				CURRENT_PROJECT_VERSION = 1;
				GENERATE_INFOPLIST_FILE = YES;
				IPHONEOS_DEPLOYMENT_TARGET = 18.5;
				MARKETING_VERSION = 1.0;
				PRODUCT_BUNDLE_IDENTIFIER = "io.Harlan.TodoList-FullStack-iOSTests";
				PRODUCT_NAME = "$(TARGET_NAME)";
				SWIFT_EMIT_LOC_STRINGS = NO;
				SWIFT_VERSION = 5.0;
				TARGETED_DEVICE_FAMILY = "1,2";
				TEST_HOST = "$(BUILT_PRODUCTS_DIR)/TodoList-FullStack iOS.app/$(BUNDLE_EXECUTABLE_FOLDER_PATH)/TodoList-FullStack iOS";
			};
			name = Debug;
		};
		6A92AC662F4F614400C3B499 /* Release */ = {
			isa = XCBuildConfiguration;
			buildSettings = {
				BUNDLE_LOADER = "$(TEST_HOST)";
				CODE_SIGN_STYLE = Automatic;
				CURRENT_PROJECT_VERSION = 1;
				GENERATE_INFOPLIST_FILE = YES;
				IPHONEOS_DEPLOYMENT_TARGET = 18.5;
				MARKETING_VERSION = 1.0;
				PRODUCT_BUNDLE_IDENTIFIER = "io.Harlan.TodoList-FullStack-iOSTests";
				PRODUCT_NAME = "$(TARGET_NAME)";
				SWIFT_EMIT_LOC_STRINGS = NO;
				SWIFT_VERSION = 5.0;
				TARGETED_DEVICE_FAMILY = "1,2";
				TEST_HOST = "$(BUILT_PRODUCTS_DIR)/TodoList-FullStack iOS.app/$(BUNDLE_EXECUTABLE_FOLDER_PATH)/TodoList-FullStack iOS";
			};
			name = Release;
		};
		6A92AC682F4F614400C3B499 /* Debug */ = {
			isa = XCBuildConfiguration;
			buildSettings = {
				CODE_SIGN_STYLE = Automatic;
				CURRENT_PROJECT_VERSION = 1;
				GENERATE_INFOPLIST_FILE = YES;
				MARKETING_VERSION = 1.0;
				PRODUCT_BUNDLE_IDENTIFIER = "io.Harlan.TodoList-FullStack-iOSUITests";
				PRODUCT_NAME = "$(TARGET_NAME)";
				SWIFT_EMIT_LOC_STRINGS = NO;
				SWIFT_VERSION = 5.0;
				TARGETED_DEVICE_FAMILY = "1,2";
				TEST_TARGET_NAME = "TodoList-FullStack iOS";
			};
			name = Debug;
		};
		6A92AC692F4F614400C3B499 /* Release */ = {
			isa = XCBuildConfiguration;
			buildSettings = {
				CODE_SIGN_STYLE = Automatic;
				CURRENT_PROJECT_VERSION = 1;
				GENERATE_INFOPLIST_FILE = YES;
				MARKETING_VERSION = 1.0;
				PRODUCT_BUNDLE_IDENTIFIER = "io.Harlan.TodoList-FullStack-iOSUITests";
				PRODUCT_NAME = "$(TARGET_NAME)";
				SWIFT_EMIT_LOC_STRINGS = NO;
				SWIFT_VERSION = 5.0;
				TARGETED_DEVICE_FAMILY = "1,2";
				TEST_TARGET_NAME = "TodoList-FullStack iOS";
			};
			name = Release;
		};
/* End XCBuildConfiguration section */

/* Begin XCConfigurationList section */
		6A92AC3B2F4F614300C3B499 /* Build configuration list for PBXProject "TodoList-FullStack iOS" */ = {
			isa = XCConfigurationList;
			buildConfigurations = (
				6A92AC5F2F4F614400C3B499 /* Debug */,
				6A92AC602F4F614400C3B499 /* Release */,
			);
			defaultConfigurationIsVisible = 0;
			defaultConfigurationName = Release;
		};
		6A92AC612F4F614400C3B499 /* Build configuration list for PBXNativeTarget "TodoList-FullStack iOS" */ = {
			isa = XCConfigurationList;
			buildConfigurations = (
				6A92AC622F4F614400C3B499 /* Debug */,
				6A92AC632F4F614400C3B499 /* Release */,
			);
			defaultConfigurationIsVisible = 0;
			defaultConfigurationName = Release;
		};
		6A92AC642F4F614400C3B499 /* Build configuration list for PBXNativeTarget "TodoList-FullStack iOSTests" */ = {
			isa = XCConfigurationList;
			buildConfigurations = (
				6A92AC652F4F614400C3B499 /* Debug */,
				6A92AC662F4F614400C3B499 /* Release */,
			);
			defaultConfigurationIsVisible = 0;
			defaultConfigurationName = Release;
		};
		6A92AC672F4F614400C3B499 /* Build configuration list for PBXNativeTarget "TodoList-FullStack iOSUITests" */ = {
			isa = XCConfigurationList;
			buildConfigurations = (
				6A92AC682F4F614400C3B499 /* Debug */,
				6A92AC692F4F614400C3B499 /* Release */,
			);
			defaultConfigurationIsVisible = 0;
			defaultConfigurationName = Release;
		};
/* End XCConfigurationList section */
	};
	rootObject = 6A92AC382F4F614300C3B499 /* Project object */;
}
